
Microsoft Visual Studio Solution File, Format Version 12.00
# Visual Studio 15
VisualStudioVersion = 15.0.27004.2005
MinimumVisualStudioVersion = 10.0.40219.1
Project("{FAE04EC0-301F-11D3-BF4B-00C04F79EFBC}") = "CardGame", "CardGame\CardGame.csproj", "{087A33C4-168E-4F6A-A38B-46E48C91E01A}"
EndProject
Global
	GlobalSection(SolutionConfigurationPlatforms) = preSolution
		Debug|Any CPU = Debug|Any CPU
		Release|Any CPU = Release|Any CPU
	EndGlobalSection
	GlobalSection(ProjectConfigurationPlatforms) = postSolution
		{087A33C4-168E-4F6A-A38B-46E48C91E01A}.Debug|Any CPU.ActiveCfg = Debug|Any CPU
		{087A33C4-168E-4F6A-A38B-46E48C91E01A}.Debug|Any CPU.Build.0 = Debug|Any CPU
		{087A33C4-168E-4F6A-A38B-46E48C91E01A}.Release|Any CPU.ActiveCfg = Release|Any CPU
		{087A33C4-168E-4F6A-A38B-46E48C91E01A}.Release|Any CPU.Build.0 = Release|Any CPU
	EndGlobalSection
	GlobalSection(SolutionProperties) = preSolution
		HideSolutionNode = FALSE
	EndGlobalSection
	GlobalSection(ExtensibilityGlobals) = postSolution
		SolutionGuid = {E606A287-1572-49A9-9502-9D68F0636005}
	EndGlobalSection
EndGlobal
